
Microsoft Visual Studio Solution File, Format Version 12.00
# Visual Studio Version 17
VisualStudioVersion = 17.9.34622.214
MinimumVisualStudioVersion = 10.0.40219.1
Project("{9A19103F-16F7-4668-BE54-9A1E7A4F7556}") = "Safetensors.Core", "Safetensors.Core\Safetensors.Core.csproj", "{54B18D7C-81C8-4A7D-B76A-7D7D7E56DCA4}"
EndProject
Project("{9A19103F-16F7-4668-BE54-9A1E7A4F7556}") = "Safetensors.Storage", "Safetensors.Storage\Safetensors.Storage.csproj", "{5F68C471-F3AB-4CE9-9B9B-4C4B7E64620B}"
EndProject
Project("{9A19103F-16F7-4668-BE54-9A1E7A4F7556}") = "Safetensors.Inspector.UX", "Safetensors.Inspector.UX\Safetensors.Inspector.UX.csproj", "{C8AE8BE9-3348-4266-ACE7-41135095C77C}"
EndProject
Global
	GlobalSection(SolutionConfigurationPlatforms) = preSolution
		Debug|Any CPU = Debug|Any CPU
		Release|Any CPU = Release|Any CPU
	EndGlobalSection
	GlobalSection(ProjectConfigurationPlatforms) = postSolution
		{54B18D7C-81C8-4A7D-B76A-7D7D7E56DCA4}.Debug|Any CPU.ActiveCfg = Debug|Any CPU
		{54B18D7C-81C8-4A7D-B76A-7D7D7E56DCA4}.Debug|Any CPU.Build.0 = Debug|Any CPU
		{54B18D7C-81C8-4A7D-B76A-7D7D7E56DCA4}.Release|Any CPU.ActiveCfg = Release|Any CPU
		{54B18D7C-81C8-4A7D-B76A-7D7D7E56DCA4}.Release|Any CPU.Build.0 = Release|Any CPU
		{5F68C471-F3AB-4CE9-9B9B-4C4B7E64620B}.Debug|Any CPU.ActiveCfg = Debug|Any CPU
		{5F68C471-F3AB-4CE9-9B9B-4C4B7E64620B}.Debug|Any CPU.Build.0 = Debug|Any CPU
		{5F68C471-F3AB-4CE9-9B9B-4C4B7E64620B}.Release|Any CPU.ActiveCfg = Release|Any CPU
		{5F68C471-F3AB-4CE9-9B9B-4C4B7E64620B}.Release|Any CPU.Build.0 = Release|Any CPU
		{C8AE8BE9-3348-4266-ACE7-41135095C77C}.Debug|Any CPU.ActiveCfg = Debug|Any CPU
		{C8AE8BE9-3348-4266-ACE7-41135095C77C}.Debug|Any CPU.Build.0 = Debug|Any CPU
		{C8AE8BE9-3348-4266-ACE7-41135095C77C}.Release|Any CPU.ActiveCfg = Release|Any CPU
		{C8AE8BE9-3348-4266-ACE7-41135095C77C}.Release|Any CPU.Build.0 = Release|Any CPU
	EndGlobalSection
	GlobalSection(SolutionProperties) = preSolution
		HideSolutionNode = FALSE
	EndGlobalSection
	GlobalSection(ExtensibilityGlobals) = postSolution
		SolutionGuid = {E916A7EE-2FD7-4833-86C8-17746EE48951}
	EndGlobalSection
EndGlobal
